<?xml version="1.0" encoding="utf-8"?>
<Project ToolsVersion="4.0" xmlns="http://schemas.microsoft.com/developer/msbuild/2003">
  <ItemGroup>
    <Filter Include="源文件">
      <UniqueIdentifier>{4FC737F1-C7A5-4376-A066-2A32D752A2FF}</UniqueIdentifier>
      <Extensions>cpp;c;cc;cxx;def;odl;idl;hpj;bat;asm;asmx</Extensions>
    </Filter>
    <Filter Include="头文件">
      <UniqueIdentifier>{93995380-89BD-4b04-88EB-625FBE52EBFB}</UniqueIdentifier>
      <Extensions>h;hh;hpp;hxx;hm;inl;inc;xsd</Extensions>
    </Filter>
    <Filter Include="资源文件">
      <UniqueIdentifier>{67DA6AB6-F800-4c08-8B7A-83BB121AAD01}</UniqueIdentifier>
      <Extensions>rc;ico;cur;bmp;dlg;rc2;rct;bin;rgs;gif;jpg;jpeg;jpe;resx;tiff;tif;png;wav;mfcribbon-ms</Extensions>
    </Filter>
  </ItemGroup>
  <ItemGroup>
    <ClCompile Include="atn\AbstractPredicateTransition.cpp">
      <Filter>源文件</Filter>
    </ClCompile>
    <ClCompile Include="atn\ActionTransition.cpp">
      <Filter>源文件</Filter>
    </ClCompile>
    <ClCompile Include="atn\AmbiguityInfo.cpp">
      <Filter>源文件</Filter>
    </ClCompile>
    <ClCompile Include="atn\ArrayPredictionContext.cpp">
      <Filter>源文件</Filter>
    </ClCompile>
    <ClCompile Include="atn\ATN.cpp">
      <Filter>源文件</Filter>
    </ClCompile>
    <ClCompile Include="atn\ATNConfig.cpp">
      <Filter>源文件</Filter>
    </ClCompile>
    <ClCompile Include="atn\ATNConfigSet.cpp">
      <Filter>源文件</Filter>
    </ClCompile>
    <ClCompile Include="atn\ATNDeserializationOptions.cpp">
      <Filter>源文件</Filter>
    </ClCompile>
    <ClCompile Include="atn\ATNDeserializer.cpp">
      <Filter>源文件</Filter>
    </ClCompile>
    <ClCompile Include="atn\ATNSerializer.cpp">
      <Filter>源文件</Filter>
    </ClCompile>
    <ClCompile Include="atn\ATNSimulator.cpp">
      <Filter>源文件</Filter>
    </ClCompile>
    <ClCompile Include="atn\ATNState.cpp">
      <Filter>源文件</Filter>
    </ClCompile>
    <ClCompile Include="atn\AtomTransition.cpp">
      <Filter>源文件</Filter>
    </ClCompile>
    <ClCompile Include="atn\BasicBlockStartState.cpp">
      <Filter>源文件</Filter>
    </ClCompile>
    <ClCompile Include="atn\BasicState.cpp">
      <Filter>源文件</Filter>
    </ClCompile>
    <ClCompile Include="atn\BlockEndState.cpp">
      <Filter>源文件</Filter>
    </ClCompile>
    <ClCompile Include="atn\ContextSensitivityInfo.cpp">
      <Filter>源文件</Filter>
    </ClCompile>
    <ClCompile Include="atn\DecisionEventInfo.cpp">
      <Filter>源文件</Filter>
    </ClCompile>
    <ClCompile Include="atn\DecisionInfo.cpp">
      <Filter>源文件</Filter>
    </ClCompile>
    <ClCompile Include="atn\DecisionState.cpp">
      <Filter>源文件</Filter>
    </ClCompile>
    <ClCompile Include="atn\EmptyPredictionContext.cpp">
      <Filter>源文件</Filter>
    </ClCompile>
    <ClCompile Include="atn\EpsilonTransition.cpp">
      <Filter>源文件</Filter>
    </ClCompile>
    <ClCompile Include="atn\ErrorInfo.cpp">
      <Filter>源文件</Filter>
    </ClCompile>
    <ClCompile Include="atn\LexerActionExecutor.cpp">
      <Filter>源文件</Filter>
    </ClCompile>
    <ClCompile Include="atn\LexerATNConfig.cpp">
      <Filter>源文件</Filter>
    </ClCompile>
    <ClCompile Include="atn\LexerATNSimulator.cpp">
      <Filter>源文件</Filter>
    </ClCompile>
    <ClCompile Include="atn\LexerChannelAction.cpp">
      <Filter>源文件</Filter>
    </ClCompile>
    <ClCompile Include="atn\LexerCustomAction.cpp">
      <Filter>源文件</Filter>
    </ClCompile>
    <ClCompile Include="atn\LexerIndexedCustomAction.cpp">
      <Filter>源文件</Filter>
    </ClCompile>
    <ClCompile Include="atn\LexerModeAction.cpp">
      <Filter>源文件</Filter>
    </ClCompile>
    <ClCompile Include="atn\LexerMoreAction.cpp">
      <Filter>源文件</Filter>
    </ClCompile>
    <ClCompile Include="atn\LexerPopModeAction.cpp">
      <Filter>源文件</Filter>
    </ClCompile>
    <ClCompile Include="atn\LexerPushModeAction.cpp">
      <Filter>源文件</Filter>
    </ClCompile>
    <ClCompile Include="atn\LexerSkipAction.cpp">
      <Filter>源文件</Filter>
    </ClCompile>
    <ClCompile Include="atn\LexerTypeAction.cpp">
      <Filter>源文件</Filter>
    </ClCompile>
    <ClCompile Include="atn\LL1Analyzer.cpp">
      <Filter>源文件</Filter>
    </ClCompile>
    <ClCompile Include="atn\LookaheadEventInfo.cpp">
      <Filter>源文件</Filter>
    </ClCompile>
    <ClCompile Include="atn\LoopEndState.cpp">
      <Filter>源文件</Filter>
    </ClCompile>
    <ClCompile Include="atn\NotSetTransition.cpp">
      <Filter>源文件</Filter>
    </ClCompile>
    <ClCompile Include="atn\OrderedATNConfigSet.cpp">
      <Filter>源文件</Filter>
    </ClCompile>
    <ClCompile Include="atn\ParseInfo.cpp">
      <Filter>源文件</Filter>
    </ClCompile>
    <ClCompile Include="atn\ParserATNSimulator.cpp">
      <Filter>源文件</Filter>
    </ClCompile>
    <ClCompile Include="atn\PlusBlockStartState.cpp">
      <Filter>源文件</Filter>
    </ClCompile>
    <ClCompile Include="atn\PlusLoopbackState.cpp">
      <Filter>源文件</Filter>
    </ClCompile>
    <ClCompile Include="atn\PrecedencePredicateTransition.cpp">
      <Filter>源文件</Filter>
    </ClCompile>
    <ClCompile Include="atn\PredicateEvalInfo.cpp">
      <Filter>源文件</Filter>
    </ClCompile>
    <ClCompile Include="atn\PredicateTransition.cpp">
      <Filter>源文件</Filter>
    </ClCompile>
    <ClCompile Include="atn\PredictionContext.cpp">
      <Filter>源文件</Filter>
    </ClCompile>
    <ClCompile Include="atn\PredictionMode.cpp">
      <Filter>源文件</Filter>
    </ClCompile>
    <ClCompile Include="atn\ProfilingATNSimulator.cpp">
      <Filter>源文件</Filter>
    </ClCompile>
    <ClCompile Include="atn\RangeTransition.cpp">
      <Filter>源文件</Filter>
    </ClCompile>
    <ClCompile Include="atn\RuleStartState.cpp">
      <Filter>源文件</Filter>
    </ClCompile>
    <ClCompile Include="atn\RuleStopState.cpp">
      <Filter>源文件</Filter>
    </ClCompile>
    <ClCompile Include="atn\RuleTransition.cpp">
      <Filter>源文件</Filter>
    </ClCompile>
    <ClCompile Include="atn\SemanticContext.cpp">
      <Filter>源文件</Filter>
    </ClCompile>
    <ClCompile Include="atn\SetTransition.cpp">
      <Filter>源文件</Filter>
    </ClCompile>
    <ClCompile Include="atn\SingletonPredictionContext.cpp">
      <Filter>源文件</Filter>
    </ClCompile>
    <ClCompile Include="atn\StarBlockStartState.cpp">
      <Filter>源文件</Filter>
    </ClCompile>
    <ClCompile Include="atn\StarLoopbackState.cpp">
      <Filter>源文件</Filter>
    </ClCompile>
    <ClCompile Include="atn\StarLoopEntryState.cpp">
      <Filter>源文件</Filter>
    </ClCompile>
    <ClCompile Include="atn\TokensStartState.cpp">
      <Filter>源文件</Filter>
    </ClCompile>
    <ClCompile Include="atn\Transition.cpp">
      <Filter>源文件</Filter>
    </ClCompile>
    <ClCompile Include="atn\WildcardTransition.cpp">
      <Filter>源文件</Filter>
    </ClCompile>
    <ClCompile Include="dfa\DFA.cpp">
      <Filter>源文件</Filter>
    </ClCompile>
    <ClCompile Include="dfa\DFASerializer.cpp">
      <Filter>源文件</Filter>
    </ClCompile>
    <ClCompile Include="dfa\DFAState.cpp">
      <Filter>源文件</Filter>
    </ClCompile>
    <ClCompile Include="dfa\LexerDFASerializer.cpp">
      <Filter>源文件</Filter>
    </ClCompile>
    <ClCompile Include="misc\Interval.cpp">
      <Filter>源文件</Filter>
    </ClCompile>
    <ClCompile Include="misc\IntervalSet.cpp">
      <Filter>源文件</Filter>
    </ClCompile>
    <ClCompile Include="misc\MurmurHash.cpp">
      <Filter>源文件</Filter>
    </ClCompile>
    <ClCompile Include="support\Arrays.cpp">
      <Filter>源文件</Filter>
    </ClCompile>
    <ClCompile Include="support\CPPUtils.cpp">
      <Filter>源文件</Filter>
    </ClCompile>
    <ClCompile Include="support\guid.cpp">
      <Filter>源文件</Filter>
    </ClCompile>
    <ClCompile Include="support\StringUtils.cpp">
      <Filter>源文件</Filter>
    </ClCompile>
    <ClCompile Include="tree\pattern\ParseTreeMatch.cpp">
      <Filter>源文件</Filter>
    </ClCompile>
    <ClCompile Include="tree\pattern\ParseTreePattern.cpp">
      <Filter>源文件</Filter>
    </ClCompile>
    <ClCompile Include="tree\pattern\ParseTreePatternMatcher.cpp">
      <Filter>源文件</Filter>
    </ClCompile>
    <ClCompile Include="tree\pattern\RuleTagToken.cpp">
      <Filter>源文件</Filter>
    </ClCompile>
    <ClCompile Include="tree\pattern\TagChunk.cpp">
      <Filter>源文件</Filter>
    </ClCompile>
    <ClCompile Include="tree\pattern\TextChunk.cpp">
      <Filter>源文件</Filter>
    </ClCompile>
    <ClCompile Include="tree\pattern\TokenTagToken.cpp">
      <Filter>源文件</Filter>
    </ClCompile>
    <ClCompile Include="tree\xpath\XPath.cpp">
      <Filter>源文件</Filter>
    </ClCompile>
    <ClCompile Include="tree\xpath\XPathElement.cpp">
      <Filter>源文件</Filter>
    </ClCompile>
    <ClCompile Include="tree\xpath\XPathLexer.cpp">
      <Filter>源文件</Filter>
    </ClCompile>
    <ClCompile Include="tree\xpath\XPathLexerErrorListener.cpp">
      <Filter>源文件</Filter>
    </ClCompile>
    <ClCompile Include="tree\xpath\XPathRuleAnywhereElement.cpp">
      <Filter>源文件</Filter>
    </ClCompile>
    <ClCompile Include="tree\xpath\XPathRuleElement.cpp">
      <Filter>源文件</Filter>
    </ClCompile>
    <ClCompile Include="tree\xpath\XPathTokenAnywhereElement.cpp">
      <Filter>源文件</Filter>
    </ClCompile>
    <ClCompile Include="tree\xpath\XPathTokenElement.cpp">
      <Filter>源文件</Filter>
    </ClCompile>
    <ClCompile Include="tree\xpath\XPathWildcardAnywhereElement.cpp">
      <Filter>源文件</Filter>
    </ClCompile>
    <ClCompile Include="tree\xpath\XPathWildcardElement.cpp">
      <Filter>源文件</Filter>
    </ClCompile>
    <ClCompile Include="tree\ErrorNodeImpl.cpp">
      <Filter>源文件</Filter>
    </ClCompile>
    <ClCompile Include="tree\IterativeParseTreeWalker.cpp">
      <Filter>源文件</Filter>
    </ClCompile>
    <ClCompile Include="tree\ParseTree.cpp">
      <Filter>源文件</Filter>
    </ClCompile>
    <ClCompile Include="tree\ParseTreeWalker.cpp">
      <Filter>源文件</Filter>
    </ClCompile>
    <ClCompile Include="tree\TerminalNodeImpl.cpp">
      <Filter>源文件</Filter>
    </ClCompile>
    <ClCompile Include="tree\Trees.cpp">
      <Filter>源文件</Filter>
    </ClCompile>
    <ClCompile Include="ANTLRFileStream.cpp">
      <Filter>源文件</Filter>
    </ClCompile>
    <ClCompile Include="ANTLRInputStream.cpp">
      <Filter>源文件</Filter>
    </ClCompile>
    <ClCompile Include="BailErrorStrategy.cpp">
      <Filter>源文件</Filter>
    </ClCompile>
    <ClCompile Include="BaseErrorListener.cpp">
      <Filter>源文件</Filter>
    </ClCompile>
    <ClCompile Include="BufferedTokenStream.cpp">
      <Filter>源文件</Filter>
    </ClCompile>
    <ClCompile Include="CharStream.cpp">
      <Filter>源文件</Filter>
    </ClCompile>
    <ClCompile Include="CommonToken.cpp">
      <Filter>源文件</Filter>
    </ClCompile>
    <ClCompile Include="CommonTokenFactory.cpp">
      <Filter>源文件</Filter>
    </ClCompile>
    <ClCompile Include="CommonTokenStream.cpp">
      <Filter>源文件</Filter>
    </ClCompile>
    <ClCompile Include="ConsoleErrorListener.cpp">
      <Filter>源文件</Filter>
    </ClCompile>
    <ClCompile Include="DefaultErrorStrategy.cpp">
      <Filter>源文件</Filter>
    </ClCompile>
    <ClCompile Include="DiagnosticErrorListener.cpp">
      <Filter>源文件</Filter>
    </ClCompile>
    <ClCompile Include="Exceptions.cpp">
      <Filter>源文件</Filter>
    </ClCompile>
    <ClCompile Include="FailedPredicateException.cpp">
      <Filter>源文件</Filter>
    </ClCompile>
    <ClCompile Include="InputMismatchException.cpp">
      <Filter>源文件</Filter>
    </ClCompile>
    <ClCompile Include="InterpreterRuleContext.cpp">
      <Filter>源文件</Filter>
    </ClCompile>
    <ClCompile Include="IntStream.cpp">
      <Filter>源文件</Filter>
    </ClCompile>
    <ClCompile Include="Lexer.cpp">
      <Filter>源文件</Filter>
    </ClCompile>
    <ClCompile Include="LexerInterpreter.cpp">
      <Filter>源文件</Filter>
    </ClCompile>
    <ClCompile Include="LexerNoViableAltException.cpp">
      <Filter>源文件</Filter>
    </ClCompile>
    <ClCompile Include="ListTokenSource.cpp">
      <Filter>源文件</Filter>
    </ClCompile>
    <ClCompile Include="NoViableAltException.cpp">
      <Filter>源文件</Filter>
    </ClCompile>
    <ClCompile Include="Parser.cpp">
      <Filter>源文件</Filter>
    </ClCompile>
    <ClCompile Include="ParserInterpreter.cpp">
      <Filter>源文件</Filter>
    </ClCompile>
    <ClCompile Include="ParserRuleContext.cpp">
      <Filter>源文件</Filter>
    </ClCompile>
    <ClCompile Include="ProxyErrorListener.cpp">
      <Filter>源文件</Filter>
    </ClCompile>
    <ClCompile Include="RecognitionException.cpp">
      <Filter>源文件</Filter>
    </ClCompile>
    <ClCompile Include="Recognizer.cpp">
      <Filter>源文件</Filter>
    </ClCompile>
    <ClCompile Include="RuleContext.cpp">
      <Filter>源文件</Filter>
    </ClCompile>
    <ClCompile Include="RuleContextWithAltNum.cpp">
      <Filter>源文件</Filter>
    </ClCompile>
    <ClCompile Include="RuntimeMetaData.cpp">
      <Filter>源文件</Filter>
    </ClCompile>
    <ClCompile Include="TokenStream.cpp">
      <Filter>源文件</Filter>
    </ClCompile>
    <ClCompile Include="TokenStreamRewriter.cpp">
      <Filter>源文件</Filter>
    </ClCompile>
    <ClCompile Include="UnbufferedCharStream.cpp">
      <Filter>源文件</Filter>
    </ClCompile>
    <ClCompile Include="UnbufferedTokenStream.cpp">
      <Filter>源文件</Filter>
    </ClCompile>
    <ClCompile Include="Vocabulary.cpp">
      <Filter>源文件</Filter>
    </ClCompile>
  </ItemGroup>
  <ItemGroup>
    <ClInclude Include="atn\AbstractPredicateTransition.h">
      <Filter>头文件</Filter>
    </ClInclude>
    <ClInclude Include="atn\ActionTransition.h">
      <Filter>头文件</Filter>
    </ClInclude>
    <ClInclude Include="atn\AmbiguityInfo.h">
      <Filter>头文件</Filter>
    </ClInclude>
    <ClInclude Include="atn\ArrayPredictionContext.h">
      <Filter>头文件</Filter>
    </ClInclude>
    <ClInclude Include="atn\ATN.h">
      <Filter>头文件</Filter>
    </ClInclude>
    <ClInclude Include="atn\ATNConfig.h">
      <Filter>头文件</Filter>
    </ClInclude>
    <ClInclude Include="atn\ATNConfigSet.h">
      <Filter>头文件</Filter>
    </ClInclude>
    <ClInclude Include="atn\ATNDeserializationOptions.h">
      <Filter>头文件</Filter>
    </ClInclude>
    <ClInclude Include="atn\ATNDeserializer.h">
      <Filter>头文件</Filter>
    </ClInclude>
    <ClInclude Include="atn\ATNSerializer.h">
      <Filter>头文件</Filter>
    </ClInclude>
    <ClInclude Include="atn\ATNSimulator.h">
      <Filter>头文件</Filter>
    </ClInclude>
    <ClInclude Include="atn\ATNState.h">
      <Filter>头文件</Filter>
    </ClInclude>
    <ClInclude Include="atn\ATNType.h">
      <Filter>头文件</Filter>
    </ClInclude>
    <ClInclude Include="atn\AtomTransition.h">
      <Filter>头文件</Filter>
    </ClInclude>
    <ClInclude Include="atn\BasicBlockStartState.h">
      <Filter>头文件</Filter>
    </ClInclude>
    <ClInclude Include="atn\BasicState.h">
      <Filter>头文件</Filter>
    </ClInclude>
    <ClInclude Include="atn\BlockEndState.h">
      <Filter>头文件</Filter>
    </ClInclude>
    <ClInclude Include="atn\BlockStartState.h">
      <Filter>头文件</Filter>
    </ClInclude>
    <ClInclude Include="atn\ContextSensitivityInfo.h">
      <Filter>头文件</Filter>
    </ClInclude>
    <ClInclude Include="atn\DecisionEventInfo.h">
      <Filter>头文件</Filter>
    </ClInclude>
    <ClInclude Include="atn\DecisionInfo.h">
      <Filter>头文件</Filter>
    </ClInclude>
    <ClInclude Include="atn\DecisionState.h">
      <Filter>头文件</Filter>
    </ClInclude>
    <ClInclude Include="atn\EmptyPredictionContext.h">
      <Filter>头文件</Filter>
    </ClInclude>
    <ClInclude Include="atn\EpsilonTransition.h">
      <Filter>头文件</Filter>
    </ClInclude>
    <ClInclude Include="atn\ErrorInfo.h">
      <Filter>头文件</Filter>
    </ClInclude>
    <ClInclude Include="atn\LexerAction.h">
      <Filter>头文件</Filter>
    </ClInclude>
    <ClInclude Include="atn\LexerActionExecutor.h">
      <Filter>头文件</Filter>
    </ClInclude>
    <ClInclude Include="atn\LexerActionType.h">
      <Filter>头文件</Filter>
    </ClInclude>
    <ClInclude Include="atn\LexerATNConfig.h">
      <Filter>头文件</Filter>
    </ClInclude>
    <ClInclude Include="atn\LexerATNSimulator.h">
      <Filter>头文件</Filter>
    </ClInclude>
    <ClInclude Include="atn\LexerChannelAction.h">
      <Filter>头文件</Filter>
    </ClInclude>
    <ClInclude Include="atn\LexerCustomAction.h">
      <Filter>头文件</Filter>
    </ClInclude>
    <ClInclude Include="atn\LexerIndexedCustomAction.h">
      <Filter>头文件</Filter>
    </ClInclude>
    <ClInclude Include="atn\LexerModeAction.h">
      <Filter>头文件</Filter>
    </ClInclude>
    <ClInclude Include="atn\LexerMoreAction.h">
      <Filter>头文件</Filter>
    </ClInclude>
    <ClInclude Include="atn\LexerPopModeAction.h">
      <Filter>头文件</Filter>
    </ClInclude>
    <ClInclude Include="atn\LexerPushModeAction.h">
      <Filter>头文件</Filter>
    </ClInclude>
    <ClInclude Include="atn\LexerSkipAction.h">
      <Filter>头文件</Filter>
    </ClInclude>
    <ClInclude Include="atn\LexerTypeAction.h">
      <Filter>头文件</Filter>
    </ClInclude>
    <ClInclude Include="atn\LL1Analyzer.h">
      <Filter>头文件</Filter>
    </ClInclude>
    <ClInclude Include="atn\LookaheadEventInfo.h">
      <Filter>头文件</Filter>
    </ClInclude>
    <ClInclude Include="atn\LoopEndState.h">
      <Filter>头文件</Filter>
    </ClInclude>
    <ClInclude Include="atn\NotSetTransition.h">
      <Filter>头文件</Filter>
    </ClInclude>
    <ClInclude Include="atn\OrderedATNConfigSet.h">
      <Filter>头文件</Filter>
    </ClInclude>
    <ClInclude Include="atn\ParseInfo.h">
      <Filter>头文件</Filter>
    </ClInclude>
    <ClInclude Include="atn\ParserATNSimulator.h">
      <Filter>头文件</Filter>
    </ClInclude>
    <ClInclude Include="atn\PlusBlockStartState.h">
      <Filter>头文件</Filter>
    </ClInclude>
    <ClInclude Include="atn\PlusLoopbackState.h">
      <Filter>头文件</Filter>
    </ClInclude>
    <ClInclude Include="atn\PrecedencePredicateTransition.h">
      <Filter>头文件</Filter>
    </ClInclude>
    <ClInclude Include="atn\PredicateEvalInfo.h">
      <Filter>头文件</Filter>
    </ClInclude>
    <ClInclude Include="atn\PredicateTransition.h">
      <Filter>头文件</Filter>
    </ClInclude>
    <ClInclude Include="atn\PredictionContext.h">
      <Filter>头文件</Filter>
    </ClInclude>
    <ClInclude Include="atn\PredictionMode.h">
      <Filter>头文件</Filter>
    </ClInclude>
    <ClInclude Include="atn\ProfilingATNSimulator.h">
      <Filter>头文件</Filter>
    </ClInclude>
    <ClInclude Include="atn\RangeTransition.h">
      <Filter>头文件</Filter>
    </ClInclude>
    <ClInclude Include="atn\RuleStartState.h">
      <Filter>头文件</Filter>
    </ClInclude>
    <ClInclude Include="atn\RuleStopState.h">
      <Filter>头文件</Filter>
    </ClInclude>
    <ClInclude Include="atn\RuleTransition.h">
      <Filter>头文件</Filter>
    </ClInclude>
    <ClInclude Include="atn\SemanticContext.h">
      <Filter>头文件</Filter>
    </ClInclude>
    <ClInclude Include="atn\SetTransition.h">
      <Filter>头文件</Filter>
    </ClInclude>
    <ClInclude Include="atn\SingletonPredictionContext.h">
      <Filter>头文件</Filter>
    </ClInclude>
    <ClInclude Include="atn\StarBlockStartState.h">
      <Filter>头文件</Filter>
    </ClInclude>
    <ClInclude Include="atn\StarLoopbackState.h">
      <Filter>头文件</Filter>
    </ClInclude>
    <ClInclude Include="atn\StarLoopEntryState.h">
      <Filter>头文件</Filter>
    </ClInclude>
    <ClInclude Include="atn\TokensStartState.h">
      <Filter>头文件</Filter>
    </ClInclude>
    <ClInclude Include="atn\Transition.h">
      <Filter>头文件</Filter>
    </ClInclude>
    <ClInclude Include="atn\WildcardTransition.h">
      <Filter>头文件</Filter>
    </ClInclude>
    <ClInclude Include="dfa\DFA.h">
      <Filter>头文件</Filter>
    </ClInclude>
    <ClInclude Include="dfa\DFASerializer.h">
      <Filter>头文件</Filter>
    </ClInclude>
    <ClInclude Include="dfa\DFAState.h">
      <Filter>头文件</Filter>
    </ClInclude>
    <ClInclude Include="dfa\LexerDFASerializer.h">
      <Filter>头文件</Filter>
    </ClInclude>
    <ClInclude Include="misc\Interval.h">
      <Filter>头文件</Filter>
    </ClInclude>
    <ClInclude Include="misc\IntervalSet.h">
      <Filter>头文件</Filter>
    </ClInclude>
    <ClInclude Include="misc\MurmurHash.h">
      <Filter>头文件</Filter>
    </ClInclude>
    <ClInclude Include="misc\Predicate.h">
      <Filter>头文件</Filter>
    </ClInclude>
    <ClInclude Include="support\Any.h">
      <Filter>头文件</Filter>
    </ClInclude>
    <ClInclude Include="support\Arrays.h">
      <Filter>头文件</Filter>
    </ClInclude>
    <ClInclude Include="support\BitSet.h">
      <Filter>头文件</Filter>
    </ClInclude>
    <ClInclude Include="support\CPPUtils.h">
      <Filter>头文件</Filter>
    </ClInclude>
    <ClInclude Include="support\Declarations.h">
      <Filter>头文件</Filter>
    </ClInclude>
    <ClInclude Include="support\guid.h">
      <Filter>头文件</Filter>
    </ClInclude>
    <ClInclude Include="support\StringUtils.h">
      <Filter>头文件</Filter>
    </ClInclude>
    <ClInclude Include="tree\pattern\Chunk.h">
      <Filter>头文件</Filter>
    </ClInclude>
    <ClInclude Include="tree\pattern\ParseTreeMatch.h">
      <Filter>头文件</Filter>
    </ClInclude>
    <ClInclude Include="tree\pattern\ParseTreePattern.h">
      <Filter>头文件</Filter>
    </ClInclude>
    <ClInclude Include="tree\pattern\ParseTreePatternMatcher.h">
      <Filter>头文件</Filter>
    </ClInclude>
    <ClInclude Include="tree\pattern\RuleTagToken.h">
      <Filter>头文件</Filter>
    </ClInclude>
    <ClInclude Include="tree\pattern\TagChunk.h">
      <Filter>头文件</Filter>
    </ClInclude>
    <ClInclude Include="tree\pattern\TextChunk.h">
      <Filter>头文件</Filter>
    </ClInclude>
    <ClInclude Include="tree\pattern\TokenTagToken.h">
      <Filter>头文件</Filter>
    </ClInclude>
    <ClInclude Include="tree\xpath\XPath.h">
      <Filter>头文件</Filter>
    </ClInclude>
    <ClInclude Include="tree\xpath\XPathElement.h">
      <Filter>头文件</Filter>
    </ClInclude>
    <ClInclude Include="tree\xpath\XPathLexer.h">
      <Filter>头文件</Filter>
    </ClInclude>
    <ClInclude Include="tree\xpath\XPathLexerErrorListener.h">
      <Filter>头文件</Filter>
    </ClInclude>
    <ClInclude Include="tree\xpath\XPathRuleAnywhereElement.h">
      <Filter>头文件</Filter>
    </ClInclude>
    <ClInclude Include="tree\xpath\XPathRuleElement.h">
      <Filter>头文件</Filter>
    </ClInclude>
    <ClInclude Include="tree\xpath\XPathTokenAnywhereElement.h">
      <Filter>头文件</Filter>
    </ClInclude>
    <ClInclude Include="tree\xpath\XPathTokenElement.h">
      <Filter>头文件</Filter>
    </ClInclude>
    <ClInclude Include="tree\xpath\XPathWildcardAnywhereElement.h">
      <Filter>头文件</Filter>
    </ClInclude>
    <ClInclude Include="tree\xpath\XPathWildcardElement.h">
      <Filter>头文件</Filter>
    </ClInclude>
    <ClInclude Include="tree\AbstractParseTreeVisitor.h">
      <Filter>头文件</Filter>
    </ClInclude>
    <ClInclude Include="tree\ErrorNode.h">
      <Filter>头文件</Filter>
    </ClInclude>
    <ClInclude Include="tree\ErrorNodeImpl.h">
      <Filter>头文件</Filter>
    </ClInclude>
    <ClInclude Include="tree\IterativeParseTreeWalker.h">
      <Filter>头文件</Filter>
    </ClInclude>
    <ClInclude Include="tree\ParseTree.h">
      <Filter>头文件</Filter>
    </ClInclude>
    <ClInclude Include="tree\ParseTreeListener.h">
      <Filter>头文件</Filter>
    </ClInclude>
    <ClInclude Include="tree\ParseTreeProperty.h">
      <Filter>头文件</Filter>
    </ClInclude>
    <ClInclude Include="tree\ParseTreeVisitor.h">
      <Filter>头文件</Filter>
    </ClInclude>
    <ClInclude Include="tree\ParseTreeWalker.h">
      <Filter>头文件</Filter>
    </ClInclude>
    <ClInclude Include="tree\TerminalNode.h">
      <Filter>头文件</Filter>
    </ClInclude>
    <ClInclude Include="tree\TerminalNodeImpl.h">
      <Filter>头文件</Filter>
    </ClInclude>
    <ClInclude Include="tree\Trees.h">
      <Filter>头文件</Filter>
    </ClInclude>
    <ClInclude Include="antlr4-common.h">
      <Filter>头文件</Filter>
    </ClInclude>
    <ClInclude Include="antlr4-runtime.h">
      <Filter>头文件</Filter>
    </ClInclude>
    <ClInclude Include="ANTLRErrorListener.h">
      <Filter>头文件</Filter>
    </ClInclude>
    <ClInclude Include="ANTLRErrorStrategy.h">
      <Filter>头文件</Filter>
    </ClInclude>
    <ClInclude Include="ANTLRFileStream.h">
      <Filter>头文件</Filter>
    </ClInclude>
    <ClInclude Include="ANTLRInputStream.h">
      <Filter>头文件</Filter>
    </ClInclude>
    <ClInclude Include="BailErrorStrategy.h">
      <Filter>头文件</Filter>
    </ClInclude>
    <ClInclude Include="BaseErrorListener.h">
      <Filter>头文件</Filter>
    </ClInclude>
    <ClInclude Include="BufferedTokenStream.h">
      <Filter>头文件</Filter>
    </ClInclude>
    <ClInclude Include="CharStream.h">
      <Filter>头文件</Filter>
    </ClInclude>
    <ClInclude Include="CommonToken.h">
      <Filter>头文件</Filter>
    </ClInclude>
    <ClInclude Include="CommonTokenFactory.h">
      <Filter>头文件</Filter>
    </ClInclude>
    <ClInclude Include="CommonTokenStream.h">
      <Filter>头文件</Filter>
    </ClInclude>
    <ClInclude Include="ConsoleErrorListener.h">
      <Filter>头文件</Filter>
    </ClInclude>
    <ClInclude Include="DefaultErrorStrategy.h">
      <Filter>头文件</Filter>
    </ClInclude>
    <ClInclude Include="DiagnosticErrorListener.h">
      <Filter>头文件</Filter>
    </ClInclude>
    <ClInclude Include="Exceptions.h">
      <Filter>头文件</Filter>
    </ClInclude>
    <ClInclude Include="FailedPredicateException.h">
      <Filter>头文件</Filter>
    </ClInclude>
    <ClInclude Include="InputMismatchException.h">
      <Filter>头文件</Filter>
    </ClInclude>
    <ClInclude Include="InterpreterRuleContext.h">
      <Filter>头文件</Filter>
    </ClInclude>
    <ClInclude Include="IntStream.h">
      <Filter>头文件</Filter>
    </ClInclude>
    <ClInclude Include="Lexer.h">
      <Filter>头文件</Filter>
    </ClInclude>
    <ClInclude Include="LexerInterpreter.h">
      <Filter>头文件</Filter>
    </ClInclude>
    <ClInclude Include="LexerNoViableAltException.h">
      <Filter>头文件</Filter>
    </ClInclude>
    <ClInclude Include="ListTokenSource.h">
      <Filter>头文件</Filter>
    </ClInclude>
    <ClInclude Include="NoViableAltException.h">
      <Filter>头文件</Filter>
    </ClInclude>
    <ClInclude Include="Parser.h">
      <Filter>头文件</Filter>
    </ClInclude>
    <ClInclude Include="ParserInterpreter.h">
      <Filter>头文件</Filter>
    </ClInclude>
    <ClInclude Include="ParserRuleContext.h">
      <Filter>头文件</Filter>
    </ClInclude>
    <ClInclude Include="ProxyErrorListener.h">
      <Filter>头文件</Filter>
    </ClInclude>
    <ClInclude Include="RecognitionException.h">
      <Filter>头文件</Filter>
    </ClInclude>
    <ClInclude Include="Recognizer.h">
      <Filter>头文件</Filter>
    </ClInclude>
    <ClInclude Include="RuleContext.h">
      <Filter>头文件</Filter>
    </ClInclude>
    <ClInclude Include="RuleContextWithAltNum.h">
      <Filter>头文件</Filter>
    </ClInclude>
    <ClInclude Include="RuntimeMetaData.h">
      <Filter>头文件</Filter>
    </ClInclude>
    <ClInclude Include="Token.h">
      <Filter>头文件</Filter>
    </ClInclude>
    <ClInclude Include="TokenFactory.h">
      <Filter>头文件</Filter>
    </ClInclude>
    <ClInclude Include="TokenSource.h">
      <Filter>头文件</Filter>
    </ClInclude>
    <ClInclude Include="TokenStream.h">
      <Filter>头文件</Filter>
    </ClInclude>
    <ClInclude Include="TokenStreamRewriter.h">
      <Filter>头文件</Filter>
    </ClInclude>
    <ClInclude Include="UnbufferedCharStream.h">
      <Filter>头文件</Filter>
    </ClInclude>
    <ClInclude Include="UnbufferedTokenStream.h">
      <Filter>头文件</Filter>
    </ClInclude>
    <ClInclude Include="Vocabulary.h">
      <Filter>头文件</Filter>
    </ClInclude>
    <ClInclude Include="WritableToken.h">
      <Filter>头文件</Filter>
    </ClInclude>
  </ItemGroup>
</Project>